
Microsoft Visual Studio Solution File, Format Version 12.00
# Visual Studio Version 16
VisualStudioVersion = 16.0.29306.81
MinimumVisualStudioVersion = 10.0.40219.1
Project("{FAE04EC0-301F-11D3-BF4B-00C04F79EFBC}") = "WebApplication1", "WebApplication1.csproj", "{23FE2A05-5697-4FBD-8200-5F9AF6911275}"
EndProject
Global
	GlobalSection(SolutionConfigurationPlatforms) = preSolution
		Debug|Any CPU = Debug|Any CPU
		Release|Any CPU = Release|Any CPU
	EndGlobalSection
	GlobalSection(ProjectConfigurationPlatforms) = postSolution
		{23FE2A05-5697-4FBD-8200-5F9AF6911275}.Debug|Any CPU.ActiveCfg = Debug|Any CPU
		{23FE2A05-5697-4FBD-8200-5F9AF6911275}.Debug|Any CPU.Build.0 = Debug|Any CPU
		{23FE2A05-5697-4FBD-8200-5F9AF6911275}.Release|Any CPU.ActiveCfg = Release|Any CPU
		{23FE2A05-5697-4FBD-8200-5F9AF6911275}.Release|Any CPU.Build.0 = Release|Any CPU
	EndGlobalSection
	GlobalSection(SolutionProperties) = preSolution
		HideSolutionNode = FALSE
	EndGlobalSection
	GlobalSection(ExtensibilityGlobals) = postSolution
		SolutionGuid = {B4BEED11-34FC-4EF2-A1EC-42B919281D3E}
	EndGlobalSection
EndGlobal
