
Microsoft Visual Studio Solution File, Format Version 12.00
# Visual Studio Version 16
VisualStudioVersion = 16.0.29306.81
MinimumVisualStudioVersion = 10.0.40219.1
Project("{FAE04EC0-301F-11D3-BF4B-00C04F79EFBC}") = "LINQfox", "LINQfox.csproj", "{8266D250-42BC-47D1-8380-AF621B2808E2}"
EndProject
Global
	GlobalSection(SolutionConfigurationPlatforms) = preSolution
		Debug|Any CPU = Debug|Any CPU
		Release|Any CPU = Release|Any CPU
	EndGlobalSection
	GlobalSection(ProjectConfigurationPlatforms) = postSolution
		{8266D250-42BC-47D1-8380-AF621B2808E2}.Debug|Any CPU.ActiveCfg = Debug|Any CPU
		{8266D250-42BC-47D1-8380-AF621B2808E2}.Debug|Any CPU.Build.0 = Debug|Any CPU
		{8266D250-42BC-47D1-8380-AF621B2808E2}.Release|Any CPU.ActiveCfg = Release|Any CPU
		{8266D250-42BC-47D1-8380-AF621B2808E2}.Release|Any CPU.Build.0 = Release|Any CPU
	EndGlobalSection
	GlobalSection(SolutionProperties) = preSolution
		HideSolutionNode = FALSE
	EndGlobalSection
	GlobalSection(ExtensibilityGlobals) = postSolution
		SolutionGuid = {392BE902-DCB0-40F8-94CF-38DA968001F3}
	EndGlobalSection
EndGlobal
