
Microsoft Visual Studio Solution File, Format Version 12.00
# Visual Studio Version 16
VisualStudioVersion = 16.0.29306.81
MinimumVisualStudioVersion = 10.0.40219.1
Project("{FAE04EC0-301F-11D3-BF4B-00C04F79EFBC}") = "LINQexercise2", "LINQexercise2.csproj", "{1D239C37-A688-4FFE-B50B-0FBC2126D79C}"
EndProject
Global
	GlobalSection(SolutionConfigurationPlatforms) = preSolution
		Debug|Any CPU = Debug|Any CPU
		Release|Any CPU = Release|Any CPU
	EndGlobalSection
	GlobalSection(ProjectConfigurationPlatforms) = postSolution
		{1D239C37-A688-4FFE-B50B-0FBC2126D79C}.Debug|Any CPU.ActiveCfg = Debug|Any CPU
		{1D239C37-A688-4FFE-B50B-0FBC2126D79C}.Debug|Any CPU.Build.0 = Debug|Any CPU
		{1D239C37-A688-4FFE-B50B-0FBC2126D79C}.Release|Any CPU.ActiveCfg = Release|Any CPU
		{1D239C37-A688-4FFE-B50B-0FBC2126D79C}.Release|Any CPU.Build.0 = Release|Any CPU
	EndGlobalSection
	GlobalSection(SolutionProperties) = preSolution
		HideSolutionNode = FALSE
	EndGlobalSection
	GlobalSection(ExtensibilityGlobals) = postSolution
		SolutionGuid = {C6CF937B-191A-4BDA-9801-B33E4F43BE15}
	EndGlobalSection
EndGlobal
