
Microsoft Visual Studio Solution File, Format Version 12.00
# Visual Studio Version 16
VisualStudioVersion = 16.0.29306.81
MinimumVisualStudioVersion = 10.0.40219.1
Project("{FAE04EC0-301F-11D3-BF4B-00C04F79EFBC}") = "Doubled", "Doubled.csproj", "{A6CC9717-79BB-4270-9765-EA3A2C498061}"
EndProject
Global
	GlobalSection(SolutionConfigurationPlatforms) = preSolution
		Debug|Any CPU = Debug|Any CPU
		Release|Any CPU = Release|Any CPU
	EndGlobalSection
	GlobalSection(ProjectConfigurationPlatforms) = postSolution
		{A6CC9717-79BB-4270-9765-EA3A2C498061}.Debug|Any CPU.ActiveCfg = Debug|Any CPU
		{A6CC9717-79BB-4270-9765-EA3A2C498061}.Debug|Any CPU.Build.0 = Debug|Any CPU
		{A6CC9717-79BB-4270-9765-EA3A2C498061}.Release|Any CPU.ActiveCfg = Release|Any CPU
		{A6CC9717-79BB-4270-9765-EA3A2C498061}.Release|Any CPU.Build.0 = Release|Any CPU
	EndGlobalSection
	GlobalSection(SolutionProperties) = preSolution
		HideSolutionNode = FALSE
	EndGlobalSection
	GlobalSection(ExtensibilityGlobals) = postSolution
		SolutionGuid = {F27BBDC9-B6A2-44FD-BFDE-E3668C08D4DD}
	EndGlobalSection
EndGlobal
