
Microsoft Visual Studio Solution File, Format Version 12.00
# Visual Studio Version 16
VisualStudioVersion = 16.0.29418.71
MinimumVisualStudioVersion = 10.0.40219.1
Project("{FAE04EC0-301F-11D3-BF4B-00C04F79EFBC}") = "Myshop", "Myshop.csproj", "{608D5E4D-6AA8-40C8-91C8-B993C500B4CE}"
EndProject
Global
	GlobalSection(SolutionConfigurationPlatforms) = preSolution
		Debug|Any CPU = Debug|Any CPU
		Release|Any CPU = Release|Any CPU
	EndGlobalSection
	GlobalSection(ProjectConfigurationPlatforms) = postSolution
		{608D5E4D-6AA8-40C8-91C8-B993C500B4CE}.Debug|Any CPU.ActiveCfg = Debug|Any CPU
		{608D5E4D-6AA8-40C8-91C8-B993C500B4CE}.Debug|Any CPU.Build.0 = Debug|Any CPU
		{608D5E4D-6AA8-40C8-91C8-B993C500B4CE}.Release|Any CPU.ActiveCfg = Release|Any CPU
		{608D5E4D-6AA8-40C8-91C8-B993C500B4CE}.Release|Any CPU.Build.0 = Release|Any CPU
	EndGlobalSection
	GlobalSection(SolutionProperties) = preSolution
		HideSolutionNode = FALSE
	EndGlobalSection
	GlobalSection(ExtensibilityGlobals) = postSolution
		SolutionGuid = {E20C3019-2C52-4355-AA41-E9585FD1C8BB}
	EndGlobalSection
EndGlobal
