
Microsoft Visual Studio Solution File, Format Version 12.00
# Visual Studio Version 16
VisualStudioVersion = 16.0.29306.81
MinimumVisualStudioVersion = 10.0.40219.1
Project("{FAE04EC0-301F-11D3-BF4B-00C04F79EFBC}") = "ModelStringedInstruments", "ModelStringedInstruments.csproj", "{2DC15C48-0452-4F24-B29D-B5EABCD3FF2C}"
EndProject
Global
	GlobalSection(SolutionConfigurationPlatforms) = preSolution
		Debug|Any CPU = Debug|Any CPU
		Release|Any CPU = Release|Any CPU
	EndGlobalSection
	GlobalSection(ProjectConfigurationPlatforms) = postSolution
		{2DC15C48-0452-4F24-B29D-B5EABCD3FF2C}.Debug|Any CPU.ActiveCfg = Debug|Any CPU
		{2DC15C48-0452-4F24-B29D-B5EABCD3FF2C}.Debug|Any CPU.Build.0 = Debug|Any CPU
		{2DC15C48-0452-4F24-B29D-B5EABCD3FF2C}.Release|Any CPU.ActiveCfg = Release|Any CPU
		{2DC15C48-0452-4F24-B29D-B5EABCD3FF2C}.Release|Any CPU.Build.0 = Release|Any CPU
	EndGlobalSection
	GlobalSection(SolutionProperties) = preSolution
		HideSolutionNode = FALSE
	EndGlobalSection
	GlobalSection(ExtensibilityGlobals) = postSolution
		SolutionGuid = {09F46121-E876-40DD-BC06-4D33D1B32F89}
	EndGlobalSection
EndGlobal
