
Microsoft Visual Studio Solution File, Format Version 12.00
# Visual Studio Version 16
VisualStudioVersion = 16.0.29306.81
MinimumVisualStudioVersion = 10.0.40219.1
Project("{FAE04EC0-301F-11D3-BF4B-00C04F79EFBC}") = "LINQexercise7", "LINQexercise7.csproj", "{56D37A39-63CA-410E-B12C-8B8CB1063091}"
EndProject
Global
	GlobalSection(SolutionConfigurationPlatforms) = preSolution
		Debug|Any CPU = Debug|Any CPU
		Release|Any CPU = Release|Any CPU
	EndGlobalSection
	GlobalSection(ProjectConfigurationPlatforms) = postSolution
		{56D37A39-63CA-410E-B12C-8B8CB1063091}.Debug|Any CPU.ActiveCfg = Debug|Any CPU
		{56D37A39-63CA-410E-B12C-8B8CB1063091}.Debug|Any CPU.Build.0 = Debug|Any CPU
		{56D37A39-63CA-410E-B12C-8B8CB1063091}.Release|Any CPU.ActiveCfg = Release|Any CPU
		{56D37A39-63CA-410E-B12C-8B8CB1063091}.Release|Any CPU.Build.0 = Release|Any CPU
	EndGlobalSection
	GlobalSection(SolutionProperties) = preSolution
		HideSolutionNode = FALSE
	EndGlobalSection
	GlobalSection(ExtensibilityGlobals) = postSolution
		SolutionGuid = {10B8CCC6-E9DA-4396-B00F-4A3555A8DC50}
	EndGlobalSection
EndGlobal
